
Microsoft Visual Studio Solution File, Format Version 12.00
# Visual Studio Version 17
VisualStudioVersion = 17.4.33213.308
MinimumVisualStudioVersion = 10.0.40219.1
Project("{FAE04EC0-301F-11D3-BF4B-00C04F79EFBC}") = "3. Word Count", "3. Word Count\3. Word Count.csproj", "{DEAAEFAD-7306-4F8D-838F-3296FCA3DC44}"
EndProject
Global
	GlobalSection(SolutionConfigurationPlatforms) = preSolution
		Debug|Any CPU = Debug|Any CPU
		Release|Any CPU = Release|Any CPU
	EndGlobalSection
	GlobalSection(ProjectConfigurationPlatforms) = postSolution
		{DEAAEFAD-7306-4F8D-838F-3296FCA3DC44}.Debug|Any CPU.ActiveCfg = Debug|Any CPU
		{DEAAEFAD-7306-4F8D-838F-3296FCA3DC44}.Debug|Any CPU.Build.0 = Debug|Any CPU
		{DEAAEFAD-7306-4F8D-838F-3296FCA3DC44}.Release|Any CPU.ActiveCfg = Release|Any CPU
		{DEAAEFAD-7306-4F8D-838F-3296FCA3DC44}.Release|Any CPU.Build.0 = Release|Any CPU
	EndGlobalSection
	GlobalSection(SolutionProperties) = preSolution
		HideSolutionNode = FALSE
	EndGlobalSection
	GlobalSection(ExtensibilityGlobals) = postSolution
		SolutionGuid = {31327F11-0FA9-49F8-8120-C8327CEFEE86}
	EndGlobalSection
EndGlobal
