
Microsoft Visual Studio Solution File, Format Version 12.00
# Visual Studio Version 17
VisualStudioVersion = 17.4.33213.308
MinimumVisualStudioVersion = 10.0.40219.1
Project("{FAE04EC0-301F-11D3-BF4B-00C04F79EFBC}") = "4. Even Times", "4. Even Times\4. Even Times.csproj", "{73BFDE98-C58B-435C-8A49-B51C80B4A67B}"
EndProject
Global
	GlobalSection(SolutionConfigurationPlatforms) = preSolution
		Debug|Any CPU = Debug|Any CPU
		Release|Any CPU = Release|Any CPU
	EndGlobalSection
	GlobalSection(ProjectConfigurationPlatforms) = postSolution
		{73BFDE98-C58B-435C-8A49-B51C80B4A67B}.Debug|Any CPU.ActiveCfg = Debug|Any CPU
		{73BFDE98-C58B-435C-8A49-B51C80B4A67B}.Debug|Any CPU.Build.0 = Debug|Any CPU
		{73BFDE98-C58B-435C-8A49-B51C80B4A67B}.Release|Any CPU.ActiveCfg = Release|Any CPU
		{73BFDE98-C58B-435C-8A49-B51C80B4A67B}.Release|Any CPU.Build.0 = Release|Any CPU
	EndGlobalSection
	GlobalSection(SolutionProperties) = preSolution
		HideSolutionNode = FALSE
	EndGlobalSection
	GlobalSection(ExtensibilityGlobals) = postSolution
		SolutionGuid = {77E96370-064A-4EF5-B6EF-7D9DA9C26D42}
	EndGlobalSection
EndGlobal
