
Microsoft Visual Studio Solution File, Format Version 12.00
# Visual Studio Version 17
VisualStudioVersion = 17.4.33213.308
MinimumVisualStudioVersion = 10.0.40219.1
Project("{FAE04EC0-301F-11D3-BF4B-00C04F79EFBC}") = "6_Speed_Racing", "6. Speed Racing\6_Speed_Racing.csproj", "{35220309-2C65-4786-970C-E82881FB0AA8}"
EndProject
Global
	GlobalSection(SolutionConfigurationPlatforms) = preSolution
		Debug|Any CPU = Debug|Any CPU
		Release|Any CPU = Release|Any CPU
	EndGlobalSection
	GlobalSection(ProjectConfigurationPlatforms) = postSolution
		{35220309-2C65-4786-970C-E82881FB0AA8}.Debug|Any CPU.ActiveCfg = Debug|Any CPU
		{35220309-2C65-4786-970C-E82881FB0AA8}.Debug|Any CPU.Build.0 = Debug|Any CPU
		{35220309-2C65-4786-970C-E82881FB0AA8}.Release|Any CPU.ActiveCfg = Release|Any CPU
		{35220309-2C65-4786-970C-E82881FB0AA8}.Release|Any CPU.Build.0 = Release|Any CPU
	EndGlobalSection
	GlobalSection(SolutionProperties) = preSolution
		HideSolutionNode = FALSE
	EndGlobalSection
	GlobalSection(ExtensibilityGlobals) = postSolution
		SolutionGuid = {BC0A16FA-1A43-484D-9E52-FB64920963B8}
	EndGlobalSection
EndGlobal
