
Microsoft Visual Studio Solution File, Format Version 12.00
# Visual Studio Version 17
VisualStudioVersion = 17.4.33213.308
MinimumVisualStudioVersion = 10.0.40219.1
Project("{FAE04EC0-301F-11D3-BF4B-00C04F79EFBC}") = "1. Action Point", "1. Action Point\1. Action Point.csproj", "{E29FFDCC-FE4B-412E-B1F6-71C9ABF232BC}"
EndProject
Global
	GlobalSection(SolutionConfigurationPlatforms) = preSolution
		Debug|Any CPU = Debug|Any CPU
		Release|Any CPU = Release|Any CPU
	EndGlobalSection
	GlobalSection(ProjectConfigurationPlatforms) = postSolution
		{E29FFDCC-FE4B-412E-B1F6-71C9ABF232BC}.Debug|Any CPU.ActiveCfg = Debug|Any CPU
		{E29FFDCC-FE4B-412E-B1F6-71C9ABF232BC}.Debug|Any CPU.Build.0 = Debug|Any CPU
		{E29FFDCC-FE4B-412E-B1F6-71C9ABF232BC}.Release|Any CPU.ActiveCfg = Release|Any CPU
		{E29FFDCC-FE4B-412E-B1F6-71C9ABF232BC}.Release|Any CPU.Build.0 = Release|Any CPU
	EndGlobalSection
	GlobalSection(SolutionProperties) = preSolution
		HideSolutionNode = FALSE
	EndGlobalSection
	GlobalSection(ExtensibilityGlobals) = postSolution
		SolutionGuid = {266A129C-5412-4E7E-933F-ED8F46E4036A}
	EndGlobalSection
EndGlobal
