
Microsoft Visual Studio Solution File, Format Version 12.00
# Visual Studio Version 17
VisualStudioVersion = 17.4.33213.308
MinimumVisualStudioVersion = 10.0.40219.1
Project("{FAE04EC0-301F-11D3-BF4B-00C04F79EFBC}") = "1. Even Lines", "1. Even Lines\1. Even Lines.csproj", "{FC325D24-C1A5-4A4E-A992-5974B8913291}"
EndProject
Global
	GlobalSection(SolutionConfigurationPlatforms) = preSolution
		Debug|Any CPU = Debug|Any CPU
		Release|Any CPU = Release|Any CPU
	EndGlobalSection
	GlobalSection(ProjectConfigurationPlatforms) = postSolution
		{FC325D24-C1A5-4A4E-A992-5974B8913291}.Debug|Any CPU.ActiveCfg = Debug|Any CPU
		{FC325D24-C1A5-4A4E-A992-5974B8913291}.Debug|Any CPU.Build.0 = Debug|Any CPU
		{FC325D24-C1A5-4A4E-A992-5974B8913291}.Release|Any CPU.ActiveCfg = Release|Any CPU
		{FC325D24-C1A5-4A4E-A992-5974B8913291}.Release|Any CPU.Build.0 = Release|Any CPU
	EndGlobalSection
	GlobalSection(SolutionProperties) = preSolution
		HideSolutionNode = FALSE
	EndGlobalSection
	GlobalSection(ExtensibilityGlobals) = postSolution
		SolutionGuid = {F4BC1648-5C31-4399-9379-6B44B150713D}
	EndGlobalSection
EndGlobal
