
Microsoft Visual Studio Solution File, Format Version 12.00
# Visual Studio Version 17
VisualStudioVersion = 17.4.33213.308
MinimumVisualStudioVersion = 10.0.40219.1
Project("{FAE04EC0-301F-11D3-BF4B-00C04F79EFBC}") = "4. Product Shop", "4. Product Shop\4. Product Shop.csproj", "{D6FF1C15-3DAF-4B2F-A79E-DD863A6B41EF}"
EndProject
Global
	GlobalSection(SolutionConfigurationPlatforms) = preSolution
		Debug|Any CPU = Debug|Any CPU
		Release|Any CPU = Release|Any CPU
	EndGlobalSection
	GlobalSection(ProjectConfigurationPlatforms) = postSolution
		{D6FF1C15-3DAF-4B2F-A79E-DD863A6B41EF}.Debug|Any CPU.ActiveCfg = Debug|Any CPU
		{D6FF1C15-3DAF-4B2F-A79E-DD863A6B41EF}.Debug|Any CPU.Build.0 = Debug|Any CPU
		{D6FF1C15-3DAF-4B2F-A79E-DD863A6B41EF}.Release|Any CPU.ActiveCfg = Release|Any CPU
		{D6FF1C15-3DAF-4B2F-A79E-DD863A6B41EF}.Release|Any CPU.Build.0 = Release|Any CPU
	EndGlobalSection
	GlobalSection(SolutionProperties) = preSolution
		HideSolutionNode = FALSE
	EndGlobalSection
	GlobalSection(ExtensibilityGlobals) = postSolution
		SolutionGuid = {903A8C4B-3D92-44D9-A9C3-7EF6FA47E9CC}
	EndGlobalSection
EndGlobal
