
Microsoft Visual Studio Solution File, Format Version 12.00
# Visual Studio Version 17
VisualStudioVersion = 17.4.33213.308
MinimumVisualStudioVersion = 10.0.40219.1
Project("{FAE04EC0-301F-11D3-BF4B-00C04F79EFBC}") = "5. Count Symbols", "5. Count Symbols\5. Count Symbols.csproj", "{B5564D56-3E15-4F14-AA87-690A879A59B9}"
EndProject
Global
	GlobalSection(SolutionConfigurationPlatforms) = preSolution
		Debug|Any CPU = Debug|Any CPU
		Release|Any CPU = Release|Any CPU
	EndGlobalSection
	GlobalSection(ProjectConfigurationPlatforms) = postSolution
		{B5564D56-3E15-4F14-AA87-690A879A59B9}.Debug|Any CPU.ActiveCfg = Debug|Any CPU
		{B5564D56-3E15-4F14-AA87-690A879A59B9}.Debug|Any CPU.Build.0 = Debug|Any CPU
		{B5564D56-3E15-4F14-AA87-690A879A59B9}.Release|Any CPU.ActiveCfg = Release|Any CPU
		{B5564D56-3E15-4F14-AA87-690A879A59B9}.Release|Any CPU.Build.0 = Release|Any CPU
	EndGlobalSection
	GlobalSection(SolutionProperties) = preSolution
		HideSolutionNode = FALSE
	EndGlobalSection
	GlobalSection(ExtensibilityGlobals) = postSolution
		SolutionGuid = {844A11C5-BC20-44A4-9AB1-0D3D9AF3BC51}
	EndGlobalSection
EndGlobal
