
Microsoft Visual Studio Solution File, Format Version 12.00
# Visual Studio Version 17
VisualStudioVersion = 17.4.33213.308
MinimumVisualStudioVersion = 10.0.40219.1
Project("{FAE04EC0-301F-11D3-BF4B-00C04F79EFBC}") = "12. Cups and Bottles", "12. Cups and Bottles\12. Cups and Bottles.csproj", "{F6E4801E-05B7-47D7-9702-F6F16DA44730}"
EndProject
Global
	GlobalSection(SolutionConfigurationPlatforms) = preSolution
		Debug|Any CPU = Debug|Any CPU
		Release|Any CPU = Release|Any CPU
	EndGlobalSection
	GlobalSection(ProjectConfigurationPlatforms) = postSolution
		{F6E4801E-05B7-47D7-9702-F6F16DA44730}.Debug|Any CPU.ActiveCfg = Debug|Any CPU
		{F6E4801E-05B7-47D7-9702-F6F16DA44730}.Debug|Any CPU.Build.0 = Debug|Any CPU
		{F6E4801E-05B7-47D7-9702-F6F16DA44730}.Release|Any CPU.ActiveCfg = Release|Any CPU
		{F6E4801E-05B7-47D7-9702-F6F16DA44730}.Release|Any CPU.Build.0 = Release|Any CPU
	EndGlobalSection
	GlobalSection(SolutionProperties) = preSolution
		HideSolutionNode = FALSE
	EndGlobalSection
	GlobalSection(ExtensibilityGlobals) = postSolution
		SolutionGuid = {42EBE54C-4630-445F-AC88-9652E5D8B204}
	EndGlobalSection
EndGlobal
