
Microsoft Visual Studio Solution File, Format Version 12.00
# Visual Studio Version 17
VisualStudioVersion = 17.4.33213.308
MinimumVisualStudioVersion = 10.0.40219.1
Project("{FAE04EC0-301F-11D3-BF4B-00C04F79EFBC}") = "1. Odd Lines", "1. Odd Lines\1. Odd Lines.csproj", "{A2B450A6-7DAE-4675-A2EA-932887611DFE}"
EndProject
Global
	GlobalSection(SolutionConfigurationPlatforms) = preSolution
		Debug|Any CPU = Debug|Any CPU
		Release|Any CPU = Release|Any CPU
	EndGlobalSection
	GlobalSection(ProjectConfigurationPlatforms) = postSolution
		{A2B450A6-7DAE-4675-A2EA-932887611DFE}.Debug|Any CPU.ActiveCfg = Debug|Any CPU
		{A2B450A6-7DAE-4675-A2EA-932887611DFE}.Debug|Any CPU.Build.0 = Debug|Any CPU
		{A2B450A6-7DAE-4675-A2EA-932887611DFE}.Release|Any CPU.ActiveCfg = Release|Any CPU
		{A2B450A6-7DAE-4675-A2EA-932887611DFE}.Release|Any CPU.Build.0 = Release|Any CPU
	EndGlobalSection
	GlobalSection(SolutionProperties) = preSolution
		HideSolutionNode = FALSE
	EndGlobalSection
	GlobalSection(ExtensibilityGlobals) = postSolution
		SolutionGuid = {EF728B99-6B96-4D7C-BCE1-1780094C5EDF}
	EndGlobalSection
EndGlobal
