
Microsoft Visual Studio Solution File, Format Version 12.00
# Visual Studio Version 17
VisualStudioVersion = 17.4.33213.308
MinimumVisualStudioVersion = 10.0.40219.1
Project("{FAE04EC0-301F-11D3-BF4B-00C04F79EFBC}") = "6. Wardrobe", "6. Wardrobe\6. Wardrobe.csproj", "{D3EDB034-75F5-4DE9-9761-686AA46B44C8}"
EndProject
Global
	GlobalSection(SolutionConfigurationPlatforms) = preSolution
		Debug|Any CPU = Debug|Any CPU
		Release|Any CPU = Release|Any CPU
	EndGlobalSection
	GlobalSection(ProjectConfigurationPlatforms) = postSolution
		{D3EDB034-75F5-4DE9-9761-686AA46B44C8}.Debug|Any CPU.ActiveCfg = Debug|Any CPU
		{D3EDB034-75F5-4DE9-9761-686AA46B44C8}.Debug|Any CPU.Build.0 = Debug|Any CPU
		{D3EDB034-75F5-4DE9-9761-686AA46B44C8}.Release|Any CPU.ActiveCfg = Release|Any CPU
		{D3EDB034-75F5-4DE9-9761-686AA46B44C8}.Release|Any CPU.Build.0 = Release|Any CPU
	EndGlobalSection
	GlobalSection(SolutionProperties) = preSolution
		HideSolutionNode = FALSE
	EndGlobalSection
	GlobalSection(ExtensibilityGlobals) = postSolution
		SolutionGuid = {568C4510-8337-445F-AF34-AAE320D2DA31}
	EndGlobalSection
EndGlobal
