
Microsoft Visual Studio Solution File, Format Version 12.00
# Visual Studio Version 17
VisualStudioVersion = 17.4.33213.308
MinimumVisualStudioVersion = 10.0.40219.1
Project("{FAE04EC0-301F-11D3-BF4B-00C04F79EFBC}") = "3. Copy Binary File", "3. Copy Binary File\3. Copy Binary File.csproj", "{8F680852-CD5E-4ECA-B5CF-D2040AEA8D57}"
EndProject
Global
	GlobalSection(SolutionConfigurationPlatforms) = preSolution
		Debug|Any CPU = Debug|Any CPU
		Release|Any CPU = Release|Any CPU
	EndGlobalSection
	GlobalSection(ProjectConfigurationPlatforms) = postSolution
		{8F680852-CD5E-4ECA-B5CF-D2040AEA8D57}.Debug|Any CPU.ActiveCfg = Debug|Any CPU
		{8F680852-CD5E-4ECA-B5CF-D2040AEA8D57}.Debug|Any CPU.Build.0 = Debug|Any CPU
		{8F680852-CD5E-4ECA-B5CF-D2040AEA8D57}.Release|Any CPU.ActiveCfg = Release|Any CPU
		{8F680852-CD5E-4ECA-B5CF-D2040AEA8D57}.Release|Any CPU.Build.0 = Release|Any CPU
	EndGlobalSection
	GlobalSection(SolutionProperties) = preSolution
		HideSolutionNode = FALSE
	EndGlobalSection
	GlobalSection(ExtensibilityGlobals) = postSolution
		SolutionGuid = {8A138A84-A816-4A51-B91E-2C19795E407B}
	EndGlobalSection
EndGlobal
