
Microsoft Visual Studio Solution File, Format Version 12.00
# Visual Studio Version 17
VisualStudioVersion = 17.4.33213.308
MinimumVisualStudioVersion = 10.0.40219.1
Project("{FAE04EC0-301F-11D3-BF4B-00C04F79EFBC}") = "3. Simple Calculator", "3. Simple Calculator\3. Simple Calculator.csproj", "{CFD1AA29-CD38-4D38-AD93-E3D614B74C53}"
EndProject
Global
	GlobalSection(SolutionConfigurationPlatforms) = preSolution
		Debug|Any CPU = Debug|Any CPU
		Release|Any CPU = Release|Any CPU
	EndGlobalSection
	GlobalSection(ProjectConfigurationPlatforms) = postSolution
		{CFD1AA29-CD38-4D38-AD93-E3D614B74C53}.Debug|Any CPU.ActiveCfg = Debug|Any CPU
		{CFD1AA29-CD38-4D38-AD93-E3D614B74C53}.Debug|Any CPU.Build.0 = Debug|Any CPU
		{CFD1AA29-CD38-4D38-AD93-E3D614B74C53}.Release|Any CPU.ActiveCfg = Release|Any CPU
		{CFD1AA29-CD38-4D38-AD93-E3D614B74C53}.Release|Any CPU.Build.0 = Release|Any CPU
	EndGlobalSection
	GlobalSection(SolutionProperties) = preSolution
		HideSolutionNode = FALSE
	EndGlobalSection
	GlobalSection(ExtensibilityGlobals) = postSolution
		SolutionGuid = {847D97F7-9FC5-4576-B55A-AC9E5D7CC63B}
	EndGlobalSection
EndGlobal
