
Microsoft Visual Studio Solution File, Format Version 12.00
# Visual Studio Version 17
VisualStudioVersion = 17.4.33213.308
MinimumVisualStudioVersion = 10.0.40219.1
Project("{FAE04EC0-301F-11D3-BF4B-00C04F79EFBC}") = "4. Directory Traversal", "4. Directory Traversal\4. Directory Traversal.csproj", "{5EFEF371-F3BF-405C-811D-5E811CC12BA8}"
EndProject
Global
	GlobalSection(SolutionConfigurationPlatforms) = preSolution
		Debug|Any CPU = Debug|Any CPU
		Release|Any CPU = Release|Any CPU
	EndGlobalSection
	GlobalSection(ProjectConfigurationPlatforms) = postSolution
		{5EFEF371-F3BF-405C-811D-5E811CC12BA8}.Debug|Any CPU.ActiveCfg = Debug|Any CPU
		{5EFEF371-F3BF-405C-811D-5E811CC12BA8}.Debug|Any CPU.Build.0 = Debug|Any CPU
		{5EFEF371-F3BF-405C-811D-5E811CC12BA8}.Release|Any CPU.ActiveCfg = Release|Any CPU
		{5EFEF371-F3BF-405C-811D-5E811CC12BA8}.Release|Any CPU.Build.0 = Release|Any CPU
	EndGlobalSection
	GlobalSection(SolutionProperties) = preSolution
		HideSolutionNode = FALSE
	EndGlobalSection
	GlobalSection(ExtensibilityGlobals) = postSolution
		SolutionGuid = {D89F6A70-60DB-48BC-896F-C78704CBE7CE}
	EndGlobalSection
EndGlobal
