
Microsoft Visual Studio Solution File, Format Version 12.00
# Visual Studio Version 17
VisualStudioVersion = 17.4.33213.308
MinimumVisualStudioVersion = 10.0.40219.1
Project("{FAE04EC0-301F-11D3-BF4B-00C04F79EFBC}") = "1. Define a Class Person", "1. Define a Class Person\1. Define a Class Person.csproj", "{720BE2BC-9D2B-42C3-B397-53C953D35E53}"
EndProject
Global
	GlobalSection(SolutionConfigurationPlatforms) = preSolution
		Debug|Any CPU = Debug|Any CPU
		Release|Any CPU = Release|Any CPU
	EndGlobalSection
	GlobalSection(ProjectConfigurationPlatforms) = postSolution
		{720BE2BC-9D2B-42C3-B397-53C953D35E53}.Debug|Any CPU.ActiveCfg = Debug|Any CPU
		{720BE2BC-9D2B-42C3-B397-53C953D35E53}.Debug|Any CPU.Build.0 = Debug|Any CPU
		{720BE2BC-9D2B-42C3-B397-53C953D35E53}.Release|Any CPU.ActiveCfg = Release|Any CPU
		{720BE2BC-9D2B-42C3-B397-53C953D35E53}.Release|Any CPU.Build.0 = Release|Any CPU
	EndGlobalSection
	GlobalSection(SolutionProperties) = preSolution
		HideSolutionNode = FALSE
	EndGlobalSection
	GlobalSection(ExtensibilityGlobals) = postSolution
		SolutionGuid = {94BAA44C-08CE-4614-BBA0-1606357C251D}
	EndGlobalSection
EndGlobal
