
Microsoft Visual Studio Solution File, Format Version 12.00
# Visual Studio Version 17
VisualStudioVersion = 17.4.33213.308
MinimumVisualStudioVersion = 10.0.40219.1
Project("{FAE04EC0-301F-11D3-BF4B-00C04F79EFBC}") = "2. Car Extension", "2. Car Extension\2. Car Extension.csproj", "{75B74ACE-2663-417E-8E9D-F604793B903A}"
EndProject
Global
	GlobalSection(SolutionConfigurationPlatforms) = preSolution
		Debug|Any CPU = Debug|Any CPU
		Release|Any CPU = Release|Any CPU
	EndGlobalSection
	GlobalSection(ProjectConfigurationPlatforms) = postSolution
		{75B74ACE-2663-417E-8E9D-F604793B903A}.Debug|Any CPU.ActiveCfg = Debug|Any CPU
		{75B74ACE-2663-417E-8E9D-F604793B903A}.Debug|Any CPU.Build.0 = Debug|Any CPU
		{75B74ACE-2663-417E-8E9D-F604793B903A}.Release|Any CPU.ActiveCfg = Release|Any CPU
		{75B74ACE-2663-417E-8E9D-F604793B903A}.Release|Any CPU.Build.0 = Release|Any CPU
	EndGlobalSection
	GlobalSection(SolutionProperties) = preSolution
		HideSolutionNode = FALSE
	EndGlobalSection
	GlobalSection(ExtensibilityGlobals) = postSolution
		SolutionGuid = {F01101D8-AD94-4119-AB4F-DF73DEFC2C42}
	EndGlobalSection
EndGlobal
