
Microsoft Visual Studio Solution File, Format Version 12.00
# Visual Studio Version 17
VisualStudioVersion = 17.4.33213.308
MinimumVisualStudioVersion = 10.0.40219.1
Project("{FAE04EC0-301F-11D3-BF4B-00C04F79EFBC}") = "2. Sets of Elements", "2. Sets of Elements\2. Sets of Elements.csproj", "{46E9A5E2-ACCF-408E-A0D2-7CBAC93E8814}"
EndProject
Global
	GlobalSection(SolutionConfigurationPlatforms) = preSolution
		Debug|Any CPU = Debug|Any CPU
		Release|Any CPU = Release|Any CPU
	EndGlobalSection
	GlobalSection(ProjectConfigurationPlatforms) = postSolution
		{46E9A5E2-ACCF-408E-A0D2-7CBAC93E8814}.Debug|Any CPU.ActiveCfg = Debug|Any CPU
		{46E9A5E2-ACCF-408E-A0D2-7CBAC93E8814}.Debug|Any CPU.Build.0 = Debug|Any CPU
		{46E9A5E2-ACCF-408E-A0D2-7CBAC93E8814}.Release|Any CPU.ActiveCfg = Release|Any CPU
		{46E9A5E2-ACCF-408E-A0D2-7CBAC93E8814}.Release|Any CPU.Build.0 = Release|Any CPU
	EndGlobalSection
	GlobalSection(SolutionProperties) = preSolution
		HideSolutionNode = FALSE
	EndGlobalSection
	GlobalSection(ExtensibilityGlobals) = postSolution
		SolutionGuid = {1F30E25B-03D3-4D70-ABDB-C12D05738464}
	EndGlobalSection
EndGlobal
