
Microsoft Visual Studio Solution File, Format Version 12.00
# Visual Studio Version 17
VisualStudioVersion = 17.4.33213.308
MinimumVisualStudioVersion = 10.0.40219.1
Project("{FAE04EC0-301F-11D3-BF4B-00C04F79EFBC}") = "2. Line Numbers", "2. Line Numbers\2. Line Numbers.csproj", "{7A0C626D-B1AD-4A59-AF91-F923497DC346}"
EndProject
Global
	GlobalSection(SolutionConfigurationPlatforms) = preSolution
		Debug|Any CPU = Debug|Any CPU
		Release|Any CPU = Release|Any CPU
	EndGlobalSection
	GlobalSection(ProjectConfigurationPlatforms) = postSolution
		{7A0C626D-B1AD-4A59-AF91-F923497DC346}.Debug|Any CPU.ActiveCfg = Debug|Any CPU
		{7A0C626D-B1AD-4A59-AF91-F923497DC346}.Debug|Any CPU.Build.0 = Debug|Any CPU
		{7A0C626D-B1AD-4A59-AF91-F923497DC346}.Release|Any CPU.ActiveCfg = Release|Any CPU
		{7A0C626D-B1AD-4A59-AF91-F923497DC346}.Release|Any CPU.Build.0 = Release|Any CPU
	EndGlobalSection
	GlobalSection(SolutionProperties) = preSolution
		HideSolutionNode = FALSE
	EndGlobalSection
	GlobalSection(ExtensibilityGlobals) = postSolution
		SolutionGuid = {DB03C36A-1C4E-4332-803D-36AB46EB37DA}
	EndGlobalSection
EndGlobal
