
Microsoft Visual Studio Solution File, Format Version 12.00
# Visual Studio Version 17
VisualStudioVersion = 17.4.33213.308
MinimumVisualStudioVersion = 10.0.40219.1
Project("{FAE04EC0-301F-11D3-BF4B-00C04F79EFBC}") = "3. Periodic Table", "3. Periodic Table\3. Periodic Table.csproj", "{DD34FA75-C802-45DD-8039-098BF4E2CD6A}"
EndProject
Global
	GlobalSection(SolutionConfigurationPlatforms) = preSolution
		Debug|Any CPU = Debug|Any CPU
		Release|Any CPU = Release|Any CPU
	EndGlobalSection
	GlobalSection(ProjectConfigurationPlatforms) = postSolution
		{DD34FA75-C802-45DD-8039-098BF4E2CD6A}.Debug|Any CPU.ActiveCfg = Debug|Any CPU
		{DD34FA75-C802-45DD-8039-098BF4E2CD6A}.Debug|Any CPU.Build.0 = Debug|Any CPU
		{DD34FA75-C802-45DD-8039-098BF4E2CD6A}.Release|Any CPU.ActiveCfg = Release|Any CPU
		{DD34FA75-C802-45DD-8039-098BF4E2CD6A}.Release|Any CPU.Build.0 = Release|Any CPU
	EndGlobalSection
	GlobalSection(SolutionProperties) = preSolution
		HideSolutionNode = FALSE
	EndGlobalSection
	GlobalSection(ExtensibilityGlobals) = postSolution
		SolutionGuid = {A4CD13D8-51D2-43DC-9273-3D8DE8B3AFDF}
	EndGlobalSection
EndGlobal
