
Microsoft Visual Studio Solution File, Format Version 12.00
# Visual Studio Version 17
VisualStudioVersion = 17.4.33213.308
MinimumVisualStudioVersion = 10.0.40219.1
Project("{FAE04EC0-301F-11D3-BF4B-00C04F79EFBC}") = "8. SoftUni Party", "8. SoftUni Party\8. SoftUni Party.csproj", "{5CBCC13B-AB7E-48B0-AFF9-3E0D2FB96BD7}"
EndProject
Global
	GlobalSection(SolutionConfigurationPlatforms) = preSolution
		Debug|Any CPU = Debug|Any CPU
		Release|Any CPU = Release|Any CPU
	EndGlobalSection
	GlobalSection(ProjectConfigurationPlatforms) = postSolution
		{5CBCC13B-AB7E-48B0-AFF9-3E0D2FB96BD7}.Debug|Any CPU.ActiveCfg = Debug|Any CPU
		{5CBCC13B-AB7E-48B0-AFF9-3E0D2FB96BD7}.Debug|Any CPU.Build.0 = Debug|Any CPU
		{5CBCC13B-AB7E-48B0-AFF9-3E0D2FB96BD7}.Release|Any CPU.ActiveCfg = Release|Any CPU
		{5CBCC13B-AB7E-48B0-AFF9-3E0D2FB96BD7}.Release|Any CPU.Build.0 = Release|Any CPU
	EndGlobalSection
	GlobalSection(SolutionProperties) = preSolution
		HideSolutionNode = FALSE
	EndGlobalSection
	GlobalSection(ExtensibilityGlobals) = postSolution
		SolutionGuid = {1BFB00A4-AFBC-49D7-9EF0-58DC1701591E}
	EndGlobalSection
EndGlobal
