
Microsoft Visual Studio Solution File, Format Version 12.00
# Visual Studio Version 17
VisualStudioVersion = 17.4.33213.308
MinimumVisualStudioVersion = 10.0.40219.1
Project("{FAE04EC0-301F-11D3-BF4B-00C04F79EFBC}") = "6. Songs Queue", "6. Songs Queue\6. Songs Queue.csproj", "{751AA808-EDB4-44B0-B7BE-97FBD2A72401}"
EndProject
Global
	GlobalSection(SolutionConfigurationPlatforms) = preSolution
		Debug|Any CPU = Debug|Any CPU
		Release|Any CPU = Release|Any CPU
	EndGlobalSection
	GlobalSection(ProjectConfigurationPlatforms) = postSolution
		{751AA808-EDB4-44B0-B7BE-97FBD2A72401}.Debug|Any CPU.ActiveCfg = Debug|Any CPU
		{751AA808-EDB4-44B0-B7BE-97FBD2A72401}.Debug|Any CPU.Build.0 = Debug|Any CPU
		{751AA808-EDB4-44B0-B7BE-97FBD2A72401}.Release|Any CPU.ActiveCfg = Release|Any CPU
		{751AA808-EDB4-44B0-B7BE-97FBD2A72401}.Release|Any CPU.Build.0 = Release|Any CPU
	EndGlobalSection
	GlobalSection(SolutionProperties) = preSolution
		HideSolutionNode = FALSE
	EndGlobalSection
	GlobalSection(ExtensibilityGlobals) = postSolution
		SolutionGuid = {9DFA10F0-975E-492F-A8FF-80E743264747}
	EndGlobalSection
EndGlobal
